
Microsoft Visual Studio Solution File, Format Version 12.00
# Visual Studio Version 16
VisualStudioVersion = 16.0.30011.22
MinimumVisualStudioVersion = 10.0.40219.1
Project("{FAE04EC0-301F-11D3-BF4B-00C04F79EFBC}") = "NumberAsTextTask", "NumberAsTextTask\NumberAsTextTask.csproj", "{ED7FF04B-C908-4832-8602-E9E15F6D319E}"
EndProject
Project("{FAE04EC0-301F-11D3-BF4B-00C04F79EFBC}") = "NumberAsTextLibrary", "NumberAsTextLibrary\NumberAsTextLibrary.csproj", "{C122A499-1FF2-46AF-993E-C09D2C694100}"
EndProject
Global
	GlobalSection(SolutionConfigurationPlatforms) = preSolution
		Debug|Any CPU = Debug|Any CPU
		Release|Any CPU = Release|Any CPU
	EndGlobalSection
	GlobalSection(ProjectConfigurationPlatforms) = postSolution
		{ED7FF04B-C908-4832-8602-E9E15F6D319E}.Debug|Any CPU.ActiveCfg = Debug|Any CPU
		{ED7FF04B-C908-4832-8602-E9E15F6D319E}.Debug|Any CPU.Build.0 = Debug|Any CPU
		{ED7FF04B-C908-4832-8602-E9E15F6D319E}.Release|Any CPU.ActiveCfg = Release|Any CPU
		{ED7FF04B-C908-4832-8602-E9E15F6D319E}.Release|Any CPU.Build.0 = Release|Any CPU
		{C122A499-1FF2-46AF-993E-C09D2C694100}.Debug|Any CPU.ActiveCfg = Debug|Any CPU
		{C122A499-1FF2-46AF-993E-C09D2C694100}.Debug|Any CPU.Build.0 = Debug|Any CPU
		{C122A499-1FF2-46AF-993E-C09D2C694100}.Release|Any CPU.ActiveCfg = Release|Any CPU
		{C122A499-1FF2-46AF-993E-C09D2C694100}.Release|Any CPU.Build.0 = Release|Any CPU
	EndGlobalSection
	GlobalSection(SolutionProperties) = preSolution
		HideSolutionNode = FALSE
	EndGlobalSection
	GlobalSection(ExtensibilityGlobals) = postSolution
		SolutionGuid = {8FE7E7DE-D9A0-4E0A-8D70-472B13037BAA}
	EndGlobalSection
EndGlobal
